
Microsoft Visual Studio Solution File, Format Version 12.00
# Visual Studio Version 16
VisualStudioVersion = 25.0.1706.7
MinimumVisualStudioVersion = 10.0.40219.1
Project("{FAE04EC0-301F-11D3-BF4B-00C04F79EFBC}") = "Sales_Project", "Sales_Project.csproj", "{25689231-41A3-4ABC-A8A0-8BC1BD01F69C}"
EndProject
Global
	GlobalSection(SolutionConfigurationPlatforms) = preSolution
		Debug|Any CPU = Debug|Any CPU
		Release|Any CPU = Release|Any CPU
	EndGlobalSection
	GlobalSection(ProjectConfigurationPlatforms) = postSolution
		{25689231-41A3-4ABC-A8A0-8BC1BD01F69C}.Debug|Any CPU.ActiveCfg = Debug|Any CPU
		{25689231-41A3-4ABC-A8A0-8BC1BD01F69C}.Debug|Any CPU.Build.0 = Debug|Any CPU
		{25689231-41A3-4ABC-A8A0-8BC1BD01F69C}.Release|Any CPU.ActiveCfg = Release|Any CPU
		{25689231-41A3-4ABC-A8A0-8BC1BD01F69C}.Release|Any CPU.Build.0 = Release|Any CPU
	EndGlobalSection
	GlobalSection(SolutionProperties) = preSolution
		HideSolutionNode = FALSE
	EndGlobalSection
	GlobalSection(ExtensibilityGlobals) = postSolution
		SolutionGuid = {AED0CEE1-A966-4644-BCF9-9C2E7DEEBD97}
	EndGlobalSection
	GlobalSection(MonoDevelopProperties) = preSolution
		Policies = $0
		$0.DotNetNamingPolicy = $1
		$1.DirectoryNamespaceAssociation = PrefixedHierarchical
		$0.TextStylePolicy = $2
		$2.inheritsSet = null
		$2.scope = text/x-csharp
		$0.CSharpFormattingPolicy = $3
		$3.scope = text/x-csharp
	EndGlobalSection
EndGlobal
